
Microsoft Visual Studio Solution File, Format Version 12.00
# Visual Studio Version 17
VisualStudioVersion = 17.6.33723.286
MinimumVisualStudioVersion = 10.0.40219.1
Project("{FAE04EC0-301F-11D3-BF4B-00C04F79EFBC}") = "local vehicle rental agency", "local vehicle rental agency.\local vehicle rental agency.csproj", "{FA53C251-F478-4C24-94E1-A2E32BBB545B}"
EndProject
Global
	GlobalSection(SolutionConfigurationPlatforms) = preSolution
		Debug|Any CPU = Debug|Any CPU
		Release|Any CPU = Release|Any CPU
	EndGlobalSection
	GlobalSection(ProjectConfigurationPlatforms) = postSolution
		{FA53C251-F478-4C24-94E1-A2E32BBB545B}.Debug|Any CPU.ActiveCfg = Debug|Any CPU
		{FA53C251-F478-4C24-94E1-A2E32BBB545B}.Debug|Any CPU.Build.0 = Debug|Any CPU
		{FA53C251-F478-4C24-94E1-A2E32BBB545B}.Release|Any CPU.ActiveCfg = Release|Any CPU
		{FA53C251-F478-4C24-94E1-A2E32BBB545B}.Release|Any CPU.Build.0 = Release|Any CPU
	EndGlobalSection
	GlobalSection(SolutionProperties) = preSolution
		HideSolutionNode = FALSE
	EndGlobalSection
	GlobalSection(ExtensibilityGlobals) = postSolution
		SolutionGuid = {5A37E86A-7661-4A4A-9DDE-DD501A0EF168}
	EndGlobalSection
EndGlobal
